
Microsoft Visual Studio Solution File, Format Version 12.00
# Visual Studio Version 17
VisualStudioVersion = 17.4.33122.133
MinimumVisualStudioVersion = 10.0.40219.1
Project("{9A19103F-16F7-4668-BE54-9A1E7A4F7556}") = "SalesManagementApp", "SalesManagementApp\SalesManagementApp.csproj", "{7EF35B28-78DA-460B-A9C5-0206DBEBD3D5}"
EndProject
Project("{9A19103F-16F7-4668-BE54-9A1E7A4F7556}") = "SalesManagement.Core", "SalesManagement.Core\SalesManagement.Core.csproj", "{490B8356-4B46-46AD-9DF6-ED074646DC1A}"
EndProject
Project("{9A19103F-16F7-4668-BE54-9A1E7A4F7556}") = "SalesManagement.Data", "SalesManagement.Data\SalesManagement.Data.csproj", "{FC6CA42D-74FC-43AD-8267-2761A0988AE3}"
EndProject
Global
	GlobalSection(SolutionConfigurationPlatforms) = preSolution
		Debug|Any CPU = Debug|Any CPU
		Release|Any CPU = Release|Any CPU
	EndGlobalSection
	GlobalSection(ProjectConfigurationPlatforms) = postSolution
		{7EF35B28-78DA-460B-A9C5-0206DBEBD3D5}.Debug|Any CPU.ActiveCfg = Debug|Any CPU
		{7EF35B28-78DA-460B-A9C5-0206DBEBD3D5}.Debug|Any CPU.Build.0 = Debug|Any CPU
		{7EF35B28-78DA-460B-A9C5-0206DBEBD3D5}.Release|Any CPU.ActiveCfg = Release|Any CPU
		{7EF35B28-78DA-460B-A9C5-0206DBEBD3D5}.Release|Any CPU.Build.0 = Release|Any CPU
		{490B8356-4B46-46AD-9DF6-ED074646DC1A}.Debug|Any CPU.ActiveCfg = Debug|Any CPU
		{490B8356-4B46-46AD-9DF6-ED074646DC1A}.Debug|Any CPU.Build.0 = Debug|Any CPU
		{490B8356-4B46-46AD-9DF6-ED074646DC1A}.Release|Any CPU.ActiveCfg = Release|Any CPU
		{490B8356-4B46-46AD-9DF6-ED074646DC1A}.Release|Any CPU.Build.0 = Release|Any CPU
		{FC6CA42D-74FC-43AD-8267-2761A0988AE3}.Debug|Any CPU.ActiveCfg = Debug|Any CPU
		{FC6CA42D-74FC-43AD-8267-2761A0988AE3}.Debug|Any CPU.Build.0 = Debug|Any CPU
		{FC6CA42D-74FC-43AD-8267-2761A0988AE3}.Release|Any CPU.ActiveCfg = Release|Any CPU
		{FC6CA42D-74FC-43AD-8267-2761A0988AE3}.Release|Any CPU.Build.0 = Release|Any CPU
	EndGlobalSection
	GlobalSection(SolutionProperties) = preSolution
		HideSolutionNode = FALSE
	EndGlobalSection
	GlobalSection(ExtensibilityGlobals) = postSolution
		SolutionGuid = {B0F961D7-8E10-41CA-8D68-99A1802C1DE7}
	EndGlobalSection
EndGlobal
